
Microsoft Visual Studio Solution File, Format Version 12.00
# Visual Studio Version 17
VisualStudioVersion = 17.14.37027.9
MinimumVisualStudioVersion = 10.0.40219.1
Project("{FAE04EC0-301F-11D3-BF4B-00C04F79EFBC}") = "DVLD_Presentation_Layer", "DVLD_Presentation_Layer\DVLD_Presentation_Layer.csproj", "{3E5014E7-B311-4D74-BC18-B890F05E41A0}"
EndProject
Project("{FAE04EC0-301F-11D3-BF4B-00C04F79EFBC}") = "DVLD_Bisuness_Layer", "DVLD_Bisuness_Layer\DVLD_Bisuness_Layer.csproj", "{6076B433-EBC7-4439-B658-57818A1DA97B}"
EndProject
Project("{FAE04EC0-301F-11D3-BF4B-00C04F79EFBC}") = "DVLD_Data_Access_Layer", "DVLD_Data_Access_Layer\DVLD_Data_Access_Layer.csproj", "{C585C367-A5FC-4524-BBCE-1077A34CB42B}"
EndProject
Global
	GlobalSection(SolutionConfigurationPlatforms) = preSolution
		Debug|Any CPU = Debug|Any CPU
		Release|Any CPU = Release|Any CPU
	EndGlobalSection
	GlobalSection(ProjectConfigurationPlatforms) = postSolution
		{3E5014E7-B311-4D74-BC18-B890F05E41A0}.Debug|Any CPU.ActiveCfg = Debug|Any CPU
		{3E5014E7-B311-4D74-BC18-B890F05E41A0}.Debug|Any CPU.Build.0 = Debug|Any CPU
		{3E5014E7-B311-4D74-BC18-B890F05E41A0}.Release|Any CPU.ActiveCfg = Release|Any CPU
		{3E5014E7-B311-4D74-BC18-B890F05E41A0}.Release|Any CPU.Build.0 = Release|Any CPU
		{6076B433-EBC7-4439-B658-57818A1DA97B}.Debug|Any CPU.ActiveCfg = Debug|Any CPU
		{6076B433-EBC7-4439-B658-57818A1DA97B}.Debug|Any CPU.Build.0 = Debug|Any CPU
		{6076B433-EBC7-4439-B658-57818A1DA97B}.Release|Any CPU.ActiveCfg = Release|Any CPU
		{6076B433-EBC7-4439-B658-57818A1DA97B}.Release|Any CPU.Build.0 = Release|Any CPU
		{C585C367-A5FC-4524-BBCE-1077A34CB42B}.Debug|Any CPU.ActiveCfg = Debug|Any CPU
		{C585C367-A5FC-4524-BBCE-1077A34CB42B}.Debug|Any CPU.Build.0 = Debug|Any CPU
		{C585C367-A5FC-4524-BBCE-1077A34CB42B}.Release|Any CPU.ActiveCfg = Release|Any CPU
		{C585C367-A5FC-4524-BBCE-1077A34CB42B}.Release|Any CPU.Build.0 = Release|Any CPU
	EndGlobalSection
	GlobalSection(SolutionProperties) = preSolution
		HideSolutionNode = FALSE
	EndGlobalSection
	GlobalSection(ExtensibilityGlobals) = postSolution
		SolutionGuid = {2E1EBB47-0F47-4984-956D-D6FD12365AE9}
	EndGlobalSection
EndGlobal
